
Microsoft Visual Studio Solution File, Format Version 12.00
# Visual Studio 15
VisualStudioVersion = 15.0.28307.168
MinimumVisualStudioVersion = 10.0.40219.1
Project("{FAE04EC0-301F-11D3-BF4B-00C04F79EFBC}") = "PageTypeGenerator", "PageTypeGenerator\PageTypeGenerator.csproj", "{1AE70C3F-E20C-4B32-AD5C-1863A58D73CD}"
EndProject
Global
	GlobalSection(SolutionConfigurationPlatforms) = preSolution
		Debug|Any CPU = Debug|Any CPU
		Release|Any CPU = Release|Any CPU
	EndGlobalSection
	GlobalSection(ProjectConfigurationPlatforms) = postSolution
		{1AE70C3F-E20C-4B32-AD5C-1863A58D73CD}.Debug|Any CPU.ActiveCfg = Debug|Any CPU
		{1AE70C3F-E20C-4B32-AD5C-1863A58D73CD}.Debug|Any CPU.Build.0 = Debug|Any CPU
		{1AE70C3F-E20C-4B32-AD5C-1863A58D73CD}.Release|Any CPU.ActiveCfg = Release|Any CPU
		{1AE70C3F-E20C-4B32-AD5C-1863A58D73CD}.Release|Any CPU.Build.0 = Release|Any CPU
	EndGlobalSection
	GlobalSection(SolutionProperties) = preSolution
		HideSolutionNode = FALSE
	EndGlobalSection
	GlobalSection(ExtensibilityGlobals) = postSolution
		SolutionGuid = {38F5497C-D26A-41CB-BAF3-DB0EE97037F2}
	EndGlobalSection
EndGlobal
